
Microsoft Visual Studio Solution File, Format Version 12.00
# Visual Studio 15
VisualStudioVersion = 15.0.27004.2008
MinimumVisualStudioVersion = 10.0.40219.1
Project("{FAE04EC0-301F-11D3-BF4B-00C04F79EFBC}") = "Senzori", "Senzori\Senzori.csproj", "{BCBBEE20-BC21-40AF-96F7-E69AD6F57462}"
EndProject
Global
	GlobalSection(SolutionConfigurationPlatforms) = preSolution
		Debug|Any CPU = Debug|Any CPU
		Release|Any CPU = Release|Any CPU
	EndGlobalSection
	GlobalSection(ProjectConfigurationPlatforms) = postSolution
		{BCBBEE20-BC21-40AF-96F7-E69AD6F57462}.Debug|Any CPU.ActiveCfg = Debug|Any CPU
		{BCBBEE20-BC21-40AF-96F7-E69AD6F57462}.Debug|Any CPU.Build.0 = Debug|Any CPU
		{BCBBEE20-BC21-40AF-96F7-E69AD6F57462}.Release|Any CPU.ActiveCfg = Release|Any CPU
		{BCBBEE20-BC21-40AF-96F7-E69AD6F57462}.Release|Any CPU.Build.0 = Release|Any CPU
	EndGlobalSection
	GlobalSection(SolutionProperties) = preSolution
		HideSolutionNode = FALSE
	EndGlobalSection
	GlobalSection(ExtensibilityGlobals) = postSolution
		SolutionGuid = {9ADEA2ED-12C2-45FE-8D5D-9B2A0A175B81}
	EndGlobalSection
EndGlobal
