
Microsoft Visual Studio Solution File, Format Version 12.00
# Visual Studio 15
VisualStudioVersion = 15.0.26730.12
MinimumVisualStudioVersion = 10.0.40219.1
Project("{FAE04EC0-301F-11D3-BF4B-00C04F79EFBC}") = "LikesCounterAPI", "LikesCounterAPI\LikesCounterAPI.csproj", "{05937AC7-D3EB-4342-A8E4-AB773D9CB50D}"
EndProject
Global
	GlobalSection(SolutionConfigurationPlatforms) = preSolution
		Debug|Any CPU = Debug|Any CPU
		Release|Any CPU = Release|Any CPU
	EndGlobalSection
	GlobalSection(ProjectConfigurationPlatforms) = postSolution
		{05937AC7-D3EB-4342-A8E4-AB773D9CB50D}.Debug|Any CPU.ActiveCfg = Debug|Any CPU
		{05937AC7-D3EB-4342-A8E4-AB773D9CB50D}.Debug|Any CPU.Build.0 = Debug|Any CPU
		{05937AC7-D3EB-4342-A8E4-AB773D9CB50D}.Release|Any CPU.ActiveCfg = Release|Any CPU
		{05937AC7-D3EB-4342-A8E4-AB773D9CB50D}.Release|Any CPU.Build.0 = Release|Any CPU
	EndGlobalSection
	GlobalSection(SolutionProperties) = preSolution
		HideSolutionNode = FALSE
	EndGlobalSection
	GlobalSection(ExtensibilityGlobals) = postSolution
		SolutionGuid = {6DF4F01B-E26C-472B-B342-0A23D16C235E}
	EndGlobalSection
EndGlobal
